{
    "version": 3,
    "terraform_version": "0.11.13",
    "serial": 11,
    "lineage": "bfc56920-9d4d-ff8c-a195-ce567f6c8745",
    "modules": [
        {
            "path": [
                "root"
            ],
            "outputs": {},
            "resources": {
                "aws_instance.instance1": {
                    "type": "aws_instance",
                    "depends_on": [
                        "aws_key_pair.my_key",
                        "aws_security_group.sg-ssh-http",
                        "aws_subnet.public-subnet"
                    ],
                    "primary": {
                        "id": "i-025d04519314e8963",
                        "attributes": {
                            "ami": "ami-0022c769",
                            "arn": "arn:aws:ec2:us-east-1:631353655868:instance/i-025d04519314e8963",
                            "associate_public_ip_address": "true",
                            "availability_zone": "us-east-1c",
                            "cpu_core_count": "1",
                            "cpu_threads_per_core": "1",
                            "disable_api_termination": "false",
                            "ebs_block_device.#": "0",
                            "ebs_optimized": "false",
                            "ephemeral_block_device.#": "0",
                            "get_password_data": "false",
                            "iam_instance_profile": "",
                            "id": "i-025d04519314e8963",
                            "instance_state": "running",
                            "instance_type": "m1.small",
                            "ipv6_address_count": "0",
                            "ipv6_addresses.#": "0",
                            "key_name": "my_key_name",
                            "monitoring": "false",
                            "network_interface.#": "0",
                            "password_data": "",
                            "placement_group": "",
                            "primary_network_interface_id": "eni-0ebeb8f791e78c981",
                            "private_dns": "ip-10-0-1-241.ec2.internal",
                            "private_ip": "10.0.1.241",
                            "public_dns": "ec2-54-226-10-232.compute-1.amazonaws.com",
                            "public_ip": "54.226.10.232",
                            "root_block_device.#": "0",
                            "security_groups.#": "0",
                            "source_dest_check": "false",
                            "subnet_id": "subnet-014574ff90bd4cb31",
                            "tags.%": "0",
                            "tenancy": "default",
                            "user_data": "418adea6362a918cf783347b90ba6aa1fe85b1bf",
                            "volume_tags.%": "0",
                            "vpc_security_group_ids.#": "1",
                            "vpc_security_group_ids.1499930202": "sg-071b8b5122ebbb8e2"
                        },
                        "meta": {
                            "e2bfb730-ecaa-11e6-8f88-34363bc7c4c0": {
                                "create": 600000000000,
                                "delete": 1200000000000,
                                "update": 600000000000
                            },
                            "schema_version": "1"
                        },
                        "tainted": false
                    },
                    "deposed": [],
                    "provider": "provider.aws"
                },
                "aws_internet_gateway.gw": {
                    "type": "aws_internet_gateway",
                    "depends_on": [
                        "aws_vpc.vpc1"
                    ],
                    "primary": {
                        "id": "igw-07a814d2bda9d7098",
                        "attributes": {
                            "id": "igw-07a814d2bda9d7098",
                            "owner_id": "631353655868",
                            "tags.%": "1",
                            "tags.Name": "Internet gw",
                            "vpc_id": "vpc-0261d3a80c34bcc94"
                        },
                        "meta": {},
                        "tainted": false
                    },
                    "deposed": [],
                    "provider": "provider.aws"
                },
                "aws_key_pair.my_key": {
                    "type": "aws_key_pair",
                    "depends_on": [],
                    "primary": {
                        "id": "my_key_name",
                        "attributes": {
                            "fingerprint": "03:c8:e7:63:ef:05:c6:27:e3:51:95:cc:94:ea:ee:3e",
                            "id": "my_key_name",
                            "key_name": "my_key_name",
                            "public_key": "ssh-rsa AAAAB3NzaC1yc2EAAAADAQABAAABAQC3bcTi2AahKopVdOYj2iWjo83/wJqrOC6nMroSVBs4FhkyHmfJosdj25nCjdAPGf1RQIaindfxjP5pg01sTNE70tqwGNshYCqg0WBo4uQDqSUv80lSW0sPUM7Zm9XLfDLWrwvI9y/wmcy3D790PRNGjqzKUM01vkiAMAMRTSli/hUsUj3OM3GItyt5y2Hosixu3em455sNBPHfPYSPZzPr2jI9B9Vlja67DKWCLyd96VaFGSe/3ViX71kvxuTaVp6aO9EknWs/XUpdm50LACMEnIzlhfnWfmmThkF6/SpRzXWBOFYEAOj/nyGdicRnmoYQFDqRMAomX+oFs5ZjEn9X marwa@marwa-VirtualBox"
                        },
                        "meta": {
                            "schema_version": "1"
                        },
                        "tainted": false
                    },
                    "deposed": [],
                    "provider": "provider.aws"
                },
                "aws_route_table.public-rt": {
                    "type": "aws_route_table",
                    "depends_on": [
                        "aws_internet_gateway.gw",
                        "aws_vpc.vpc1"
                    ],
                    "primary": {
                        "id": "rtb-063fc61d0aa1d3775",
                        "attributes": {
                            "id": "rtb-063fc61d0aa1d3775",
                            "owner_id": "631353655868",
                            "propagating_vgws.#": "0",
                            "route.#": "1",
                            "route.3343719057.cidr_block": "0.0.0.0/0",
                            "route.3343719057.egress_only_gateway_id": "",
                            "route.3343719057.gateway_id": "igw-07a814d2bda9d7098",
                            "route.3343719057.instance_id": "",
                            "route.3343719057.ipv6_cidr_block": "",
                            "route.3343719057.nat_gateway_id": "",
                            "route.3343719057.network_interface_id": "",
                            "route.3343719057.transit_gateway_id": "",
                            "route.3343719057.vpc_peering_connection_id": "",
                            "tags.%": "1",
                            "tags.Name": "Public Route Table",
                            "vpc_id": "vpc-0261d3a80c34bcc94"
                        },
                        "meta": {},
                        "tainted": false
                    },
                    "deposed": [],
                    "provider": "provider.aws"
                },
                "aws_route_table_association.public-rt-assoc": {
                    "type": "aws_route_table_association",
                    "depends_on": [
                        "aws_route_table.public-rt",
                        "aws_subnet.public-subnet"
                    ],
                    "primary": {
                        "id": "rtbassoc-008c1024a7a58c73f",
                        "attributes": {
                            "id": "rtbassoc-008c1024a7a58c73f",
                            "route_table_id": "rtb-063fc61d0aa1d3775",
                            "subnet_id": "subnet-014574ff90bd4cb31"
                        },
                        "meta": {},
                        "tainted": false
                    },
                    "deposed": [],
                    "provider": "provider.aws"
                },
                "aws_security_group.sg-ssh-http": {
                    "type": "aws_security_group",
                    "depends_on": [
                        "aws_vpc.vpc1"
                    ],
                    "primary": {
                        "id": "sg-071b8b5122ebbb8e2",
                        "attributes": {
                            "arn": "arn:aws:ec2:us-east-1:631353655868:security-group/sg-071b8b5122ebbb8e2",
                            "description": "Allow incoming HTTP and SSH",
                            "egress.#": "1",
                            "egress.482069346.cidr_blocks.#": "1",
                            "egress.482069346.cidr_blocks.0": "0.0.0.0/0",
                            "egress.482069346.description": "",
                            "egress.482069346.from_port": "0",
                            "egress.482069346.ipv6_cidr_blocks.#": "0",
                            "egress.482069346.prefix_list_ids.#": "0",
                            "egress.482069346.protocol": "-1",
                            "egress.482069346.security_groups.#": "0",
                            "egress.482069346.self": "false",
                            "egress.482069346.to_port": "0",
                            "id": "sg-071b8b5122ebbb8e2",
                            "ingress.#": "4",
                            "ingress.1799340084.cidr_blocks.#": "1",
                            "ingress.1799340084.cidr_blocks.0": "0.0.0.0/0",
                            "ingress.1799340084.description": "",
                            "ingress.1799340084.from_port": "-1",
                            "ingress.1799340084.ipv6_cidr_blocks.#": "0",
                            "ingress.1799340084.prefix_list_ids.#": "0",
                            "ingress.1799340084.protocol": "icmp",
                            "ingress.1799340084.security_groups.#": "0",
                            "ingress.1799340084.self": "false",
                            "ingress.1799340084.to_port": "-1",
                            "ingress.2214680975.cidr_blocks.#": "1",
                            "ingress.2214680975.cidr_blocks.0": "0.0.0.0/0",
                            "ingress.2214680975.description": "",
                            "ingress.2214680975.from_port": "80",
                            "ingress.2214680975.ipv6_cidr_blocks.#": "0",
                            "ingress.2214680975.prefix_list_ids.#": "0",
                            "ingress.2214680975.protocol": "tcp",
                            "ingress.2214680975.security_groups.#": "0",
                            "ingress.2214680975.self": "false",
                            "ingress.2214680975.to_port": "80",
                            "ingress.2541437006.cidr_blocks.#": "1",
                            "ingress.2541437006.cidr_blocks.0": "0.0.0.0/0",
                            "ingress.2541437006.description": "",
                            "ingress.2541437006.from_port": "22",
                            "ingress.2541437006.ipv6_cidr_blocks.#": "0",
                            "ingress.2541437006.prefix_list_ids.#": "0",
                            "ingress.2541437006.protocol": "tcp",
                            "ingress.2541437006.security_groups.#": "0",
                            "ingress.2541437006.self": "false",
                            "ingress.2541437006.to_port": "22",
                            "ingress.2617001939.cidr_blocks.#": "1",
                            "ingress.2617001939.cidr_blocks.0": "0.0.0.0/0",
                            "ingress.2617001939.description": "",
                            "ingress.2617001939.from_port": "443",
                            "ingress.2617001939.ipv6_cidr_blocks.#": "0",
                            "ingress.2617001939.prefix_list_ids.#": "0",
                            "ingress.2617001939.protocol": "tcp",
                            "ingress.2617001939.security_groups.#": "0",
                            "ingress.2617001939.self": "false",
                            "ingress.2617001939.to_port": "443",
                            "name": "ssh-http",
                            "owner_id": "631353655868",
                            "revoke_rules_on_delete": "false",
                            "tags.%": "1",
                            "tags.Name": "SSH and HTTP SG",
                            "vpc_id": "vpc-0261d3a80c34bcc94"
                        },
                        "meta": {
                            "e2bfb730-ecaa-11e6-8f88-34363bc7c4c0": {
                                "create": 600000000000,
                                "delete": 600000000000
                            },
                            "schema_version": "1"
                        },
                        "tainted": false
                    },
                    "deposed": [],
                    "provider": "provider.aws"
                },
                "aws_subnet.public-subnet": {
                    "type": "aws_subnet",
                    "depends_on": [
                        "aws_vpc.vpc1"
                    ],
                    "primary": {
                        "id": "subnet-014574ff90bd4cb31",
                        "attributes": {
                            "arn": "arn:aws:ec2:us-east-1:631353655868:subnet/subnet-014574ff90bd4cb31",
                            "assign_ipv6_address_on_creation": "false",
                            "availability_zone": "us-east-1c",
                            "availability_zone_id": "use1-az4",
                            "cidr_block": "10.0.1.0/24",
                            "id": "subnet-014574ff90bd4cb31",
                            "ipv6_cidr_block": "",
                            "ipv6_cidr_block_association_id": "",
                            "map_public_ip_on_launch": "false",
                            "owner_id": "631353655868",
                            "tags.%": "1",
                            "tags.Name": "Public Subnet",
                            "vpc_id": "vpc-0261d3a80c34bcc94"
                        },
                        "meta": {
                            "e2bfb730-ecaa-11e6-8f88-34363bc7c4c0": {
                                "create": 600000000000,
                                "delete": 1200000000000
                            },
                            "schema_version": "1"
                        },
                        "tainted": false
                    },
                    "deposed": [],
                    "provider": "provider.aws"
                },
                "aws_vpc.vpc1": {
                    "type": "aws_vpc",
                    "depends_on": [],
                    "primary": {
                        "id": "vpc-0261d3a80c34bcc94",
                        "attributes": {
                            "arn": "arn:aws:ec2:us-east-1:631353655868:vpc/vpc-0261d3a80c34bcc94",
                            "assign_generated_ipv6_cidr_block": "false",
                            "cidr_block": "10.0.0.0/16",
                            "default_network_acl_id": "acl-0134417b4e5976abd",
                            "default_route_table_id": "rtb-038fc4df3769a83af",
                            "default_security_group_id": "sg-04c37f5a6cccb6ee6",
                            "dhcp_options_id": "dopt-692b3e12",
                            "enable_classiclink": "false",
                            "enable_classiclink_dns_support": "false",
                            "enable_dns_hostnames": "true",
                            "enable_dns_support": "true",
                            "id": "vpc-0261d3a80c34bcc94",
                            "instance_tenancy": "default",
                            "ipv6_association_id": "",
                            "ipv6_cidr_block": "",
                            "main_route_table_id": "rtb-038fc4df3769a83af",
                            "owner_id": "631353655868",
                            "tags.%": "1",
                            "tags.Name": "vpc1"
                        },
                        "meta": {
                            "schema_version": "1"
                        },
                        "tainted": false
                    },
                    "deposed": [],
                    "provider": "provider.aws"
                }
            },
            "depends_on": []
        }
    ]
}
